
Microsoft Visual Studio Solution File, Format Version 12.00
# Visual Studio 15
VisualStudioVersion = 15.0.27130.2020
MinimumVisualStudioVersion = 10.0.40219.1
Project("{9A19103F-16F7-4668-BE54-9A1E7A4F7556}") = "TangentWeb", "TangentWeb\TangentWeb.csproj", "{920A8733-0D18-48E9-93ED-BE59DB80E204}"
EndProject
Project("{FAE04EC0-301F-11D3-BF4B-00C04F79EFBC}") = "TangentTest", "TangentTest\TangentTest.csproj", "{60C48125-EB46-4AC7-983B-9B4B5E0FDBAD}"
EndProject
Global
	GlobalSection(SolutionConfigurationPlatforms) = preSolution
		Debug|Any CPU = Debug|Any CPU
		Release|Any CPU = Release|Any CPU
	EndGlobalSection
	GlobalSection(ProjectConfigurationPlatforms) = postSolution
		{920A8733-0D18-48E9-93ED-BE59DB80E204}.Debug|Any CPU.ActiveCfg = Debug|Any CPU
		{920A8733-0D18-48E9-93ED-BE59DB80E204}.Debug|Any CPU.Build.0 = Debug|Any CPU
		{920A8733-0D18-48E9-93ED-BE59DB80E204}.Release|Any CPU.ActiveCfg = Release|Any CPU
		{920A8733-0D18-48E9-93ED-BE59DB80E204}.Release|Any CPU.Build.0 = Release|Any CPU
		{60C48125-EB46-4AC7-983B-9B4B5E0FDBAD}.Debug|Any CPU.ActiveCfg = Debug|Any CPU
		{60C48125-EB46-4AC7-983B-9B4B5E0FDBAD}.Debug|Any CPU.Build.0 = Debug|Any CPU
		{60C48125-EB46-4AC7-983B-9B4B5E0FDBAD}.Release|Any CPU.ActiveCfg = Release|Any CPU
		{60C48125-EB46-4AC7-983B-9B4B5E0FDBAD}.Release|Any CPU.Build.0 = Release|Any CPU
	EndGlobalSection
	GlobalSection(SolutionProperties) = preSolution
		HideSolutionNode = FALSE
	EndGlobalSection
	GlobalSection(ExtensibilityGlobals) = postSolution
		SolutionGuid = {46040479-D936-433A-B47D-DD0B636F6C38}
	EndGlobalSection
EndGlobal
